<?xml version="1.0" encoding="utf-8"?>
<Project ToolsVersion="4.0" xmlns="http://schemas.microsoft.com/developer/msbuild/2003">
  <ItemGroup>
    <Filter Include="Source Files">
      <Extensions>cpp;c;cc;cxx;def;odl;idl;hpj;bat;asm;asmx</Extensions>
    </Filter>
    <Filter Include="Header Files">
      <Extensions>h;hpp;hxx;hm;inl;inc;xsd</Extensions>
    </Filter>
    <Filter Include="Resource Files">
      <Extensions>rc</Extensions>
    </Filter>
  </ItemGroup>
  <ItemGroup>
    <ClCompile Include="src\FaceTrackingProcessor.cpp" > <Filter>Source Files</Filter> </ClCompile>
    <ClCompile Include="src\FaceTrackingAlertHandler.cpp" > <Filter>Source Files</Filter> </ClCompile>
    <ClCompile Include="src\main.cpp" > <Filter>Source Files</Filter> </ClCompile>
    <ClCompile Include="src\FaceTrackingFrameRateCalculator.cpp" > <Filter>Source Files</Filter> </ClCompile>
    <ClCompile Include="src\FaceTrackingRendererManager.cpp" > <Filter>Source Files</Filter> </ClCompile>
    <ClCompile Include="src\FaceTrackingRenderer.cpp" > <Filter>Source Files</Filter> </ClCompile>
    <ClCompile Include="src\FaceTrackingRenderer3D.cpp" > <Filter>Source Files</Filter> </ClCompile>
    <ClCompile Include="src\FaceTrackingUtilities.cpp" > <Filter>Source Files</Filter> </ClCompile>
    <ClCompile Include="src\FaceTrackingRenderer2D.cpp" > <Filter>Source Files</Filter> </ClCompile>
  </ItemGroup>
  <ItemGroup>
    <ClInclude Include="include\FaceTrackingRendererManager.h" > <Filter>Header Files</Filter> </ClInclude>
    <ClInclude Include="resource.h" > <Filter>Header Files</Filter> </ClInclude>
    <ClInclude Include="include\FaceTrackingProcessor.h" > <Filter>Header Files</Filter> </ClInclude>
    <ClInclude Include="include\FaceTrackingRenderer.h" > <Filter>Header Files</Filter> </ClInclude>
    <ClInclude Include="include\FaceTrackingAlertHandler.h" > <Filter>Header Files</Filter> </ClInclude>
    <ClInclude Include="include\FaceTrackingRenderer2D.h" > <Filter>Header Files</Filter> </ClInclude>
    <ClInclude Include="include\FaceTrackingFrameRateCalculator.h" > <Filter>Header Files</Filter> </ClInclude>
    <ClInclude Include="include\FaceTrackingUtilities.h" > <Filter>Header Files</Filter> </ClInclude>
    <ClInclude Include="include\FaceTrackingRenderer3D.h" > <Filter>Header Files</Filter> </ClInclude>
  </ItemGroup>
  <ItemGroup>
    <ResourceCompile Include="face_tracking.rc" > <Filter>Resource Files</Filter> </ResourceCompile>
  </ItemGroup>
</Project>
